Microsoft Visual Studio Solution File, Format Version 12.00
# Visual Studio Version 17
VisualStudioVersion = 17.5.2.0
MinimumVisualStudioVersion = 10.0.40219.1
Project("{FAE04EC0-301F-11D3-BF4B-00C04F79EFBC}") = "RestaurantSimulator", "RestaurantSimulator\RestaurantSimulator.csproj", "{437421BA-538E-FA66-2A28-013BB4E36956}"
EndProject
Global
	GlobalSection(SolutionConfigurationPlatforms) = preSolution
		Debug|Any CPU = Debug|Any CPU
		Release|Any CPU = Release|Any CPU
	EndGlobalSection
	GlobalSection(ProjectConfigurationPlatforms) = postSolution
		{437421BA-538E-FA66-2A28-013BB4E36956}.Debug|Any CPU.ActiveCfg = Debug|Any CPU
		{437421BA-538E-FA66-2A28-013BB4E36956}.Debug|Any CPU.Build.0 = Debug|Any CPU
		{437421BA-538E-FA66-2A28-013BB4E36956}.Release|Any CPU.ActiveCfg = Release|Any CPU
		{437421BA-538E-FA66-2A28-013BB4E36956}.Release|Any CPU.Build.0 = Release|Any CPU
	EndGlobalSection
	GlobalSection(SolutionProperties) = preSolution
		HideSolutionNode = FALSE
	EndGlobalSection
	GlobalSection(ExtensibilityGlobals) = postSolution
		SolutionGuid = {341B9669-3678-4158-B3EA-EB23E5C2C347}
	EndGlobalSection
EndGlobal
